
Microsoft Visual Studio Solution File, Format Version 12.00
# Visual Studio Version 17
VisualStudioVersion = 17.11.35222.181
MinimumVisualStudioVersion = 10.0.40219.1
Project("{FAE04EC0-301F-11D3-BF4B-00C04F79EFBC}") = "ATM", "ATM\ATM.csproj", "{A091B0D3-19E2-41B5-AE0A-DA2064C7CAC4}"
EndProject
Global
	GlobalSection(SolutionConfigurationPlatforms) = preSolution
		Debug|Any CPU = Debug|Any CPU
		Release|Any CPU = Release|Any CPU
	EndGlobalSection
	GlobalSection(ProjectConfigurationPlatforms) = postSolution
		{A091B0D3-19E2-41B5-AE0A-DA2064C7CAC4}.Debug|Any CPU.ActiveCfg = Debug|Any CPU
		{A091B0D3-19E2-41B5-AE0A-DA2064C7CAC4}.Debug|Any CPU.Build.0 = Debug|Any CPU
		{A091B0D3-19E2-41B5-AE0A-DA2064C7CAC4}.Release|Any CPU.ActiveCfg = Release|Any CPU
		{A091B0D3-19E2-41B5-AE0A-DA2064C7CAC4}.Release|Any CPU.Build.0 = Release|Any CPU
	EndGlobalSection
	GlobalSection(SolutionProperties) = preSolution
		HideSolutionNode = FALSE
	EndGlobalSection
	GlobalSection(ExtensibilityGlobals) = postSolution
		SolutionGuid = {66D50445-CAE9-423C-B854-E69062FC267A}
	EndGlobalSection
EndGlobal
