
Microsoft Visual Studio Solution File, Format Version 12.00
# Visual Studio Version 17
VisualStudioVersion = 17.11.35222.181
MinimumVisualStudioVersion = 10.0.40219.1
Project("{FAE04EC0-301F-11D3-BF4B-00C04F79EFBC}") = "program_dictionary", "program_dictionary\program_dictionary.csproj", "{47EAAF93-C5ED-4DA0-B1C0-3EA7512E2583}"
EndProject
Global
	GlobalSection(SolutionConfigurationPlatforms) = preSolution
		Debug|Any CPU = Debug|Any CPU
		Release|Any CPU = Release|Any CPU
	EndGlobalSection
	GlobalSection(ProjectConfigurationPlatforms) = postSolution
		{47EAAF93-C5ED-4DA0-B1C0-3EA7512E2583}.Debug|Any CPU.ActiveCfg = Debug|Any CPU
		{47EAAF93-C5ED-4DA0-B1C0-3EA7512E2583}.Debug|Any CPU.Build.0 = Debug|Any CPU
		{47EAAF93-C5ED-4DA0-B1C0-3EA7512E2583}.Release|Any CPU.ActiveCfg = Release|Any CPU
		{47EAAF93-C5ED-4DA0-B1C0-3EA7512E2583}.Release|Any CPU.Build.0 = Release|Any CPU
	EndGlobalSection
	GlobalSection(SolutionProperties) = preSolution
		HideSolutionNode = FALSE
	EndGlobalSection
	GlobalSection(ExtensibilityGlobals) = postSolution
		SolutionGuid = {9A4CCADE-5ED3-45D7-8752-24A7D466B542}
	EndGlobalSection
EndGlobal
